{
  "name": "@chahuadev/framework",
  "version": "1.0.10",
  "lockfileVersion": 3,
  "requires": true,
  "packages": {
    "": {
      "name": "@chahuadev/framework",
      "version": "1.0.10",
      "dependencies": {
        "@chahuadev/framework": "^1.0.10"
      },
      "bin": {
        "chahuadev-framework": "index.js"
      },
      "optionalDependencies": {
        "@chahuadev/framework-win32-x64": "^1.0.0"
      }
    },
    "node_modules/@chahuadev/framework": {
      "version": "1.0.10",
      "resolved": "https://registry.npmjs.org/@chahuadev/framework/-/framework-1.0.10.tgz",
      "integrity": "sha512-RfryUm0a9uYdWSG/eeGXjhaDoqq28MZSfjpNMf79UdPpemGC6nwBR0YEIJX1GgHvUEGkjkl1M1c+yF1h5O7LpQ==",
      "bin": {
        "chahuadev-framework": "index.js"
      },
      "optionalDependencies": {
        "@chahuadev/framework-win32-x64": "^1.0.0"
      }
    },
    "node_modules/@chahuadev/framework-win32-x64": {
      "version": "1.0.10",
      "resolved": "https://registry.npmjs.org/@chahuadev/framework-win32-x64/-/framework-win32-x64-1.0.10.tgz",
      "integrity": "sha512-F1oOydKvKcNbnHmaZjozZZNMeTLiGQ3rBZjJ13ezlpDDm/HivMASi0f8zd0ZbJNExLlXduaxQv4tFt70//VIaQ==",
      "cpu": [
        "x64"
      ],
      "optional": true,
      "os": [
        "win32"
      ]
    }
  }
}
